
Microsoft Visual Studio Solution File, Format Version 12.00
# Visual Studio Version 16
VisualStudioVersion = 16.0.30517.126
MinimumVisualStudioVersion = 10.0.40219.1
Project("{FAE04EC0-301F-11D3-BF4B-00C04F79EFBC}") = "CostCalculator", "CostCalculator\CostCalculator.csproj", "{7B420A2B-8CDB-477C-84CC-CD2A73E2462F}"
EndProject
Global
	GlobalSection(SolutionConfigurationPlatforms) = preSolution
		Debug|Any CPU = Debug|Any CPU
		Release|Any CPU = Release|Any CPU
	EndGlobalSection
	GlobalSection(ProjectConfigurationPlatforms) = postSolution
		{7B420A2B-8CDB-477C-84CC-CD2A73E2462F}.Debug|Any CPU.ActiveCfg = Debug|Any CPU
		{7B420A2B-8CDB-477C-84CC-CD2A73E2462F}.Debug|Any CPU.Build.0 = Debug|Any CPU
		{7B420A2B-8CDB-477C-84CC-CD2A73E2462F}.Release|Any CPU.ActiveCfg = Release|Any CPU
		{7B420A2B-8CDB-477C-84CC-CD2A73E2462F}.Release|Any CPU.Build.0 = Release|Any CPU
	EndGlobalSection
	GlobalSection(SolutionProperties) = preSolution
		HideSolutionNode = FALSE
	EndGlobalSection
	GlobalSection(ExtensibilityGlobals) = postSolution
		SolutionGuid = {6E85AFDD-E3BA-4AB1-8FA8-5187C5BC743C}
	EndGlobalSection
EndGlobal
